# This file is automatically @generated by Poetry 1.7.1 and should not be changed by hand.

[[package]]
name = "bleak"
version = "0.21.1"
description = "Bluetooth Low Energy platform Agnostic Klient"
optional = false
python-versions = ">=3.8,<3.13"
files = [
    {file = "bleak-0.21.1-py3-none-any.whl", hash = "sha256:ccec260a0f5ec02dd133d68b0351c0151b2ecf3ddd0bcabc4c04a1cdd7f33256"},
    {file = "bleak-0.21.1.tar.gz", hash = "sha256:ec4a1a2772fb315b992cbaa1153070c7e26968a52b0e2727035f443a1af5c18f"},
]

[package.dependencies]
bleak-winrt = {version = ">=1.2.0,<2.0.0", markers = "platform_system == \"Windows\" and python_version < \"3.12\""}
dbus-fast = {version = ">=1.83.0,<3", markers = "platform_system == \"Linux\""}
pyobjc-core = {version = ">=9.2,<10.0", markers = "platform_system == \"Darwin\""}
pyobjc-framework-CoreBluetooth = {version = ">=9.2,<10.0", markers = "platform_system == \"Darwin\""}
pyobjc-framework-libdispatch = {version = ">=9.2,<10.0", markers = "platform_system == \"Darwin\""}
typing-extensions = {version = ">=4.7.0", markers = "python_version < \"3.12\""}

[[package]]
name = "bleak-winrt"
version = "1.2.0"
description = "Python WinRT bindings for Bleak"
optional = false
python-versions = "*"
files = [
    {file = "bleak-winrt-1.2.0.tar.gz", hash = "sha256:0577d070251b9354fc6c45ffac57e39341ebb08ead014b1bdbd43e211d2ce1d6"},
    {file = "bleak_winrt-1.2.0-cp310-cp310-win32.whl", hash = "sha256:a2ae3054d6843ae0cfd3b94c83293a1dfd5804393977dd69bde91cb5099fc47c"},
    {file = "bleak_winrt-1.2.0-cp310-cp310-win_amd64.whl", hash = "sha256:677df51dc825c6657b3ae94f00bd09b8ab88422b40d6a7bdbf7972a63bc44e9a"},
    {file = "bleak_winrt-1.2.0-cp311-cp311-win32.whl", hash = "sha256:9449cdb942f22c9892bc1ada99e2ccce9bea8a8af1493e81fefb6de2cb3a7b80"},
    {file = "bleak_winrt-1.2.0-cp311-cp311-win_amd64.whl", hash = "sha256:98c1b5a6a6c431ac7f76aa4285b752fe14a1c626bd8a1dfa56f66173ff120bee"},
    {file = "bleak_winrt-1.2.0-cp37-cp37m-win32.whl", hash = "sha256:623ac511696e1f58d83cb9c431e32f613395f2199b3db7f125a3d872cab968a4"},
    {file = "bleak_winrt-1.2.0-cp37-cp37m-win_amd64.whl", hash = "sha256:13ab06dec55469cf51a2c187be7b630a7a2922e1ea9ac1998135974a7239b1e3"},
    {file = "bleak_winrt-1.2.0-cp38-cp38-win32.whl", hash = "sha256:5a36ff8cd53068c01a795a75d2c13054ddc5f99ce6de62c1a97cd343fc4d0727"},
    {file = "bleak_winrt-1.2.0-cp38-cp38-win_amd64.whl", hash = "sha256:810c00726653a962256b7acd8edf81ab9e4a3c66e936a342ce4aec7dbd3a7263"},
    {file = "bleak_winrt-1.2.0-cp39-cp39-win32.whl", hash = "sha256:dd740047a08925bde54bec357391fcee595d7b8ca0c74c87170a5cbc3f97aa0a"},
    {file = "bleak_winrt-1.2.0-cp39-cp39-win_amd64.whl", hash = "sha256:63130c11acfe75c504a79c01f9919e87f009f5e742bfc7b7a5c2a9c72bf591a7"},
]

[[package]]
name = "dbus-fast"
version = "2.21.1"
description = "A faster version of dbus-next"
optional = false
python-versions = ">=3.7,<4.0"
files = [
    {file = "dbus_fast-2.21.1-cp310-cp310-manylinux_2_17_i686.manylinux_2_5_i686.manylinux1_i686.manylinux2014_i686.whl", hash = "sha256:b04b88be594dad81b33f6770283eed2125763632515c5112f8aa30f259cd334c"},
    {file = "dbus_fast-2.21.1-cp310-cp310-manylinux_2_17_x86_64.manylinux2014_x86_64.whl", hash = "sha256:7333896544a4d0a3d708bd092f8c05eb3599dc2b34ae6e4c4b44d04d5514b0ec"},
    {file = "dbus_fast-2.21.1-cp310-cp310-manylinux_2_31_x86_64.whl", hash = "sha256:4591e0962c272d42d305ab3fb8889f13d47255e412fd3b9839620836662c91fe"},
    {file = "dbus_fast-2.21.1-cp310-cp310-musllinux_1_1_i686.whl", hash = "sha256:52641305461660c8969c6bb12364206a108c5c9e014c9220c70b99c4f48b6750"},
    {file = "dbus_fast-2.21.1-cp310-cp310-musllinux_1_1_x86_64.whl", hash = "sha256:237db4ab0b90e5284ea7659264630d693273cdbda323a40368f320869bf6470f"},
    {file = "dbus_fast-2.21.1-cp311-cp311-manylinux_2_17_i686.manylinux_2_5_i686.manylinux1_i686.manylinux2014_i686.whl", hash = "sha256:999fed45cb391126107b804be0e344e75556fceaee4cc30a0ca06d77309bdf3c"},
    {file = "dbus_fast-2.21.1-cp311-cp311-manylinux_2_17_x86_64.manylinux2014_x86_64.whl", hash = "sha256:e2309b9cafba799e9d343fdfdd5ae46276adf3929fef60f296f23b97ed1aa2f6"},
    {file = "dbus_fast-2.21.1-cp311-cp311-musllinux_1_1_i686.whl", hash = "sha256:b7d1f35218549762e52a782c0b548e0681332beee773d3dfffe2efc38b2ee960"},
    {file = "dbus_fast-2.21.1-cp311-cp311-musllinux_1_1_x86_64.whl", hash = "sha256:47aa28520fe274414b655c74cbe2e91d8b76e22f40cd41a758bb6975e526827b"},
    {file = "dbus_fast-2.21.1-cp312-cp312-manylinux_2_17_i686.manylinux_2_5_i686.manylinux1_i686.manylinux2014_i686.whl", hash = "sha256:0ff6c72bcd6539d798015bda33c7ce35c7de76276b9bd45e48db13672713521a"},
    {file = "dbus_fast-2.21.1-cp312-cp312-manylinux_2_17_x86_64.manylinux2014_x86_64.whl", hash = "sha256:36d8cd43b3799e766158f1bb0b27cc4eef685fd892417b0382b7fdfdd94f1e6c"},
    {file = "dbus_fast-2.21.1-cp312-cp312-musllinux_1_1_i686.whl", hash = "sha256:d4da8d58064f0a3dd07bfc283ba912b9d5a4cb38f1c0fcd9ecb2b9d43111243c"},
    {file = "dbus_fast-2.21.1-cp312-cp312-musllinux_1_1_x86_64.whl", hash = "sha256:66e160f496ac79248feb09a0acf4aab5d139d823330cbd9377f6e19ae007330a"},
    {file = "dbus_fast-2.21.1-cp37-cp37m-manylinux_2_17_i686.manylinux_2_5_i686.manylinux1_i686.manylinux2014_i686.whl", hash = "sha256:670b5c4d78c9c2d25e7ba650d212d98bf24d40292f91fe4e2f3ad4f80dc6d7e5"},
    {file = "dbus_fast-2.21.1-cp37-cp37m-manylinux_2_17_x86_64.manylinux2014_x86_64.whl", hash = "sha256:15d62adfab7c6f4a491085f53f9634d24745ca5a2772549945b7e2de27c0d534"},
    {file = "dbus_fast-2.21.1-cp37-cp37m-musllinux_1_1_i686.whl", hash = "sha256:54e8771e31ee1deb01feef2475c12123cab770c371ecc97af98eb6ca10a2858e"},
    {file = "dbus_fast-2.21.1-cp37-cp37m-musllinux_1_1_x86_64.whl", hash = "sha256:2db4d0d60a891a8b20a4c6de68a088efe73b29ab4a5949fe6aad2713c131e174"},
    {file = "dbus_fast-2.21.1-cp38-cp38-manylinux_2_17_i686.manylinux_2_5_i686.manylinux1_i686.manylinux2014_i686.whl", hash = "sha256:65e76b20099c33352d5e7734a219982858873cf66fe510951d9bd27cb690190f"},
    {file = "dbus_fast-2.21.1-cp38-cp38-manylinux_2_17_x86_64.manylinux2014_x86_64.whl", hash = "sha256:927f294b1dc7cea9372ef8c7c46ebeb5c7e6c1c7345358f952e7499bdbdf7eb4"},
    {file = "dbus_fast-2.21.1-cp38-cp38-musllinux_1_1_i686.whl", hash = "sha256:9e9a43ea42b8a9f2c62ca50ce05582de7b4f1f7eb27091f904578c29124af246"},
    {file = "dbus_fast-2.21.1-cp38-cp38-musllinux_1_1_x86_64.whl", hash = "sha256:78c84ecf19459571784fd6a8ad8b3e9006cf96c3282e8220bc49098866ef4cc7"},
    {file = "dbus_fast-2.21.1-cp39-cp39-manylinux_2_17_i686.manylinux_2_5_i686.manylinux1_i686.manylinux2014_i686.whl", hash = "sha256:a5b3895ea12c4e636dfaacf75fa5bd1e8450b2ffb97507520991eaf1989d102e"},
    {file = "dbus_fast-2.21.1-cp39-cp39-manylinux_2_17_x86_64.manylinux2014_x86_64.whl", hash = "sha256:85be33bb04e918833ac6f28f68f83a1e83425eb6e08b9c482cc3318820dfd55f"},
    {file = "dbus_fast-2.21.1-cp39-cp39-musllinux_1_1_i686.whl", hash = "sha256:13ab6a0f64d345cb42c489239962261f724bd441458bef245b39828ed94ea6f4"},
    {file = "dbus_fast-2.21.1-cp39-cp39-musllinux_1_1_x86_64.whl", hash = "sha256:c585e7a94bb723a70b4966677b882be8bda324cc41bd129765e3ceab428889bb"},
    {file = "dbus_fast-2.21.1-pp310-pypy310_pp73-manylinux_2_17_i686.manylinux_2_5_i686.manylinux1_i686.manylinux2014_i686.whl", hash = "sha256:62331ee3871f6881f517ca65ae185fb2462a0bf2fe78acc4a4d621fc4da08396"},
    {file = "dbus_fast-2.21.1-pp310-pypy310_pp73-manylinux_2_17_x86_64.manylinux_2_5_x86_64.manylinux1_x86_64.manylinux2014_x86_64.whl", hash = "sha256:cbfd6892fa092cbd6f52edcb24797af62fba8baa50995db856b0a342184c850d"},
    {file = "dbus_fast-2.21.1-pp37-pypy37_pp73-manylinux_2_17_i686.manylinux_2_5_i686.manylinux1_i686.manylinux2014_i686.whl", hash = "sha256:a999e35628988ad4f81af36192cd592b8fd1e72e1bbc76a64d80808e6f4b9540"},
    {file = "dbus_fast-2.21.1-pp37-pypy37_pp73-manylinux_2_17_x86_64.manylinux2014_x86_64.whl", hash = "sha256:9cae9a6b9bb54f3f89424fdd960b60ac53239b9e5d4a5d9a598d222fbf8d3173"},
    {file = "dbus_fast-2.21.1-pp38-pypy38_pp73-manylinux_2_17_i686.manylinux_2_5_i686.manylinux1_i686.manylinux2014_i686.whl", hash = "sha256:39a3f3662391b49553bf9d9d2e9a6cb31e0d7d337557ee0c0be5c558a3c7d230"},
    {file = "dbus_fast-2.21.1-pp38-pypy38_pp73-manylinux_2_17_x86_64.manylinux_2_5_x86_64.manylinux1_x86_64.manylinux2014_x86_64.whl", hash = "sha256:ffc2b6beb212d0d231816dcb7bd8bcdafccd04750ba8f5e915f40ad312f5adf2"},
    {file = "dbus_fast-2.21.1-pp39-pypy39_pp73-manylinux_2_17_i686.manylinux_2_5_i686.manylinux1_i686.manylinux2014_i686.whl", hash = "sha256:c938eb7130067ca3b74b248ee376228776d8f013a206ae78e6fc644c9db0f4f5"},
    {file = "dbus_fast-2.21.1-pp39-pypy39_pp73-manylinux_2_17_x86_64.manylinux_2_5_x86_64.manylinux1_x86_64.manylinux2014_x86_64.whl", hash = "sha256:8fae9609d972f0c2b72017796a8140b8a6fb842426f0aed4f43f0fa7d780a16f"},
    {file = "dbus_fast-2.21.1.tar.gz", hash = "sha256:87b852d2005f1d59399ca51c5f3538f28a4742d739d7abe82b7ae8d01d8a5d02"},
]

[[package]]
name = "pyobjc-core"
version = "9.2"
description = "Python<->ObjC Interoperability Module"
optional = false
python-versions = ">=3.7"
files = [
    {file = "pyobjc-core-9.2.tar.gz", hash = "sha256:d734b9291fec91ff4e3ae38b9c6839debf02b79c07314476e87da8e90b2c68c3"},
    {file = "pyobjc_core-9.2-cp310-cp310-macosx_10_9_universal2.whl", hash = "sha256:fa674a39949f5cde8e5c7bbcd24496446bfc67592b028aedbec7f81dc5fc4daa"},
    {file = "pyobjc_core-9.2-cp311-cp311-macosx_10_9_universal2.whl", hash = "sha256:bbc8de304ee322a1ee530b4d2daca135a49b4a49aa3cedc6b2c26c43885f4842"},
    {file = "pyobjc_core-9.2-cp312-cp312-macosx_10_9_universal2.whl", hash = "sha256:0fa950f092673883b8bd28bc18397415cabb457bf410920762109b411789ade9"},
    {file = "pyobjc_core-9.2-cp37-cp37m-macosx_10_9_x86_64.whl", hash = "sha256:586e4cae966282eaa61b21cae66ccdcee9d69c036979def26eebdc08ddebe20f"},
    {file = "pyobjc_core-9.2-cp38-cp38-macosx_10_9_x86_64.whl", hash = "sha256:41189c2c680931c0395a55691763c481fc681f454f21bb4f1644f98c24a45954"},
    {file = "pyobjc_core-9.2-cp38-cp38-macosx_11_0_universal2.whl", hash = "sha256:2d23ee539f2ba5e9f5653d75a13f575c7e36586fc0086792739e69e4c2617eda"},
    {file = "pyobjc_core-9.2-cp39-cp39-macosx_10_9_universal2.whl", hash = "sha256:b9809cf96678797acb72a758f34932fe8e2602d5ab7abec15c5ac68ddb481720"},
]

[[package]]
name = "pyobjc-framework-cocoa"
version = "9.2"
description = "Wrappers for the Cocoa frameworks on macOS"
optional = false
python-versions = ">=3.7"
files = [
    {file = "pyobjc-framework-Cocoa-9.2.tar.gz", hash = "sha256:efd78080872d8c8de6c2b97e0e4eac99d6203a5d1637aa135d071d464eb2db53"},
    {file = "pyobjc_framework_Cocoa-9.2-cp310-cp310-macosx_10_9_universal2.whl", hash = "sha256:9e02d8a7cc4eb7685377c50ba4f17345701acf4c05b1e7480d421bff9e2f62a4"},
    {file = "pyobjc_framework_Cocoa-9.2-cp311-cp311-macosx_10_9_universal2.whl", hash = "sha256:3b1e6287b3149e4c6679cdbccd8e9ef6557a4e492a892e80a77df143f40026d2"},
    {file = "pyobjc_framework_Cocoa-9.2-cp312-cp312-macosx_10_9_universal2.whl", hash = "sha256:312977ce2e3989073c6b324c69ba24283de206fe7acd6dbbbaf3e29238a22537"},
    {file = "pyobjc_framework_Cocoa-9.2-cp37-cp37m-macosx_10_9_x86_64.whl", hash = "sha256:aae7841cf40c26dd915f4dd828f91c6616e6b7998630b72e704750c09e00f334"},
    {file = "pyobjc_framework_Cocoa-9.2-cp38-cp38-macosx_10_9_x86_64.whl", hash = "sha256:739a421e14382a46cbeb9a883f192dceff368ad28ec34d895c48c0ad34cf2c1d"},
    {file = "pyobjc_framework_Cocoa-9.2-cp38-cp38-macosx_11_0_universal2.whl", hash = "sha256:32d9ac1033fac1b821ddee8c68f972a7074ad8c50bec0bea9a719034c1c2fb94"},
    {file = "pyobjc_framework_Cocoa-9.2-cp39-cp39-macosx_10_9_universal2.whl", hash = "sha256:b236bb965e41aeb2e215d4e98a5a230d4b63252c6d26e00924ea2e69540a59d6"},
]

[package.dependencies]
pyobjc-core = ">=9.2"

[[package]]
name = "pyobjc-framework-corebluetooth"
version = "9.2"
description = "Wrappers for the framework CoreBluetooth on macOS"
optional = false
python-versions = ">=3.7"
files = [
    {file = "pyobjc-framework-CoreBluetooth-9.2.tar.gz", hash = "sha256:cb2481b1dfe211ae9ce55f36537dc8155dbf0dc8ff26e0bc2e13f7afb0a291d1"},
    {file = "pyobjc_framework_CoreBluetooth-9.2-cp36-abi3-macosx_10_9_universal2.whl", hash = "sha256:53d888742119d0f0c725d0b0c2389f68e8f21f0cba6d6aec288c53260a0196b6"},
    {file = "pyobjc_framework_CoreBluetooth-9.2-cp36-abi3-macosx_10_9_x86_64.whl", hash = "sha256:179532882126526e38fe716a50fb0ee8f440e0b838d290252c515e622b5d0e49"},
    {file = "pyobjc_framework_CoreBluetooth-9.2-cp36-abi3-macosx_11_0_universal2.whl", hash = "sha256:256a5031ea9d8a7406541fa1b0dfac549b1de93deae8284605f9355b13fb58be"},
]

[package.dependencies]
pyobjc-core = ">=9.2"
pyobjc-framework-Cocoa = ">=9.2"

[[package]]
name = "pyobjc-framework-libdispatch"
version = "9.2"
description = "Wrappers for libdispatch on macOS"
optional = false
python-versions = ">=3.7"
files = [
    {file = "pyobjc-framework-libdispatch-9.2.tar.gz", hash = "sha256:542e7f7c2b041939db5ed6f3119c1d67d73ec14a996278b92485f8513039c168"},
    {file = "pyobjc_framework_libdispatch-9.2-cp310-cp310-macosx_10_9_universal2.whl", hash = "sha256:88d4091d4bcb5702783d6e86b4107db973425a17d1de491543f56bd348909b60"},
    {file = "pyobjc_framework_libdispatch-9.2-cp311-cp311-macosx_10_9_universal2.whl", hash = "sha256:1a67b007113328538b57893cc7829a722270764cdbeae6d5e1460a1d911314df"},
    {file = "pyobjc_framework_libdispatch-9.2-cp312-cp312-macosx_10_9_universal2.whl", hash = "sha256:6fccea1a57436cf1ac50d9ebc6e3e725bcf77f829ba6b118e62e6ed7866d359d"},
    {file = "pyobjc_framework_libdispatch-9.2-cp37-cp37m-macosx_10_9_x86_64.whl", hash = "sha256:6eba747b7ad91b0463265a7aee59235bb051fb97687f35ca2233690369b5e4e4"},
    {file = "pyobjc_framework_libdispatch-9.2-cp38-cp38-macosx_10_9_x86_64.whl", hash = "sha256:2e835495860d04f63c2d2f73ae3dd79da4222864c107096dc0f99e8382700026"},
    {file = "pyobjc_framework_libdispatch-9.2-cp38-cp38-macosx_11_0_universal2.whl", hash = "sha256:1b107e5c3580b09553030961ea6b17abad4a5132101eab1af3ad2cb36d0f08bb"},
    {file = "pyobjc_framework_libdispatch-9.2-cp39-cp39-macosx_10_9_universal2.whl", hash = "sha256:83cdb672acf722717b5ecf004768f215f02ac02d7f7f2a9703da6e921ab02222"},
]

[package.dependencies]
pyobjc-core = ">=9.2"

[[package]]
name = "typing-extensions"
version = "4.9.0"
description = "Backported and Experimental Type Hints for Python 3.8+"
optional = false
python-versions = ">=3.8"
files = [
    {file = "typing_extensions-4.9.0-py3-none-any.whl", hash = "sha256:af72aea155e91adfc61c3ae9e0e342dbc0cba726d6cba4b6c72c1f34e47291cd"},
    {file = "typing_extensions-4.9.0.tar.gz", hash = "sha256:23478f88c37f27d76ac8aee6c905017a143b0b1b886c3c9f66bc2fd94f9f5783"},
]

[metadata]
lock-version = "2.0"
python-versions = "~3.11"
content-hash = "b524613182cf23a42dc12937c37699868c3117ef65fd2778314dd6801a139293"
